
Microsoft Visual Studio Solution File, Format Version 12.00
# Visual Studio Version 17
VisualStudioVersion = 17.6.33815.320
MinimumVisualStudioVersion = 10.0.40219.1
Project("{9A19103F-16F7-4668-BE54-9A1E7A4F7556}") = "Day01Trebuchet", "Day01Trebuchet\Day01Trebuchet.csproj", "{779C9414-F015-461C-803B-9386B73E503E}"
EndProject
Project("{9A19103F-16F7-4668-BE54-9A1E7A4F7556}") = "Day02CubeConundrum", "Day02CubeConundrum\Day02CubeConundrum.csproj", "{34518D56-2B8A-433A-8049-5EAC7CC95643}"
EndProject
Project("{9A19103F-16F7-4668-BE54-9A1E7A4F7556}") = "Day03GearRatios", "Day03GearRatios\Day03GearRatios.csproj", "{4F03DC47-FF0A-4CB7-AE22-B627050CD443}"
EndProject
Project("{FAE04EC0-301F-11D3-BF4B-00C04F79EFBC}") = "Day04Scratchcards", "Day04Scratchcards\Day04Scratchcards.csproj", "{CEDB9EB6-AFC6-4B30-A404-B156AA6B3B4E}"
EndProject
Global
	GlobalSection(SolutionConfigurationPlatforms) = preSolution
		Debug|Any CPU = Debug|Any CPU
		Release|Any CPU = Release|Any CPU
	EndGlobalSection
	GlobalSection(ProjectConfigurationPlatforms) = postSolution
		{779C9414-F015-461C-803B-9386B73E503E}.Debug|Any CPU.ActiveCfg = Debug|Any CPU
		{779C9414-F015-461C-803B-9386B73E503E}.Debug|Any CPU.Build.0 = Debug|Any CPU
		{779C9414-F015-461C-803B-9386B73E503E}.Release|Any CPU.ActiveCfg = Release|Any CPU
		{779C9414-F015-461C-803B-9386B73E503E}.Release|Any CPU.Build.0 = Release|Any CPU
		{34518D56-2B8A-433A-8049-5EAC7CC95643}.Debug|Any CPU.ActiveCfg = Debug|Any CPU
		{34518D56-2B8A-433A-8049-5EAC7CC95643}.Debug|Any CPU.Build.0 = Debug|Any CPU
		{34518D56-2B8A-433A-8049-5EAC7CC95643}.Release|Any CPU.ActiveCfg = Release|Any CPU
		{34518D56-2B8A-433A-8049-5EAC7CC95643}.Release|Any CPU.Build.0 = Release|Any CPU
		{4F03DC47-FF0A-4CB7-AE22-B627050CD443}.Debug|Any CPU.ActiveCfg = Debug|Any CPU
		{4F03DC47-FF0A-4CB7-AE22-B627050CD443}.Debug|Any CPU.Build.0 = Debug|Any CPU
		{4F03DC47-FF0A-4CB7-AE22-B627050CD443}.Release|Any CPU.ActiveCfg = Release|Any CPU
		{4F03DC47-FF0A-4CB7-AE22-B627050CD443}.Release|Any CPU.Build.0 = Release|Any CPU
		{CEDB9EB6-AFC6-4B30-A404-B156AA6B3B4E}.Debug|Any CPU.ActiveCfg = Debug|Any CPU
		{CEDB9EB6-AFC6-4B30-A404-B156AA6B3B4E}.Debug|Any CPU.Build.0 = Debug|Any CPU
		{CEDB9EB6-AFC6-4B30-A404-B156AA6B3B4E}.Release|Any CPU.ActiveCfg = Release|Any CPU
		{CEDB9EB6-AFC6-4B30-A404-B156AA6B3B4E}.Release|Any CPU.Build.0 = Release|Any CPU
	EndGlobalSection
	GlobalSection(SolutionProperties) = preSolution
		HideSolutionNode = FALSE
	EndGlobalSection
	GlobalSection(ExtensibilityGlobals) = postSolution
		SolutionGuid = {69970285-945D-40DF-84A1-EFD4CA0EF059}
	EndGlobalSection
EndGlobal
