
Microsoft Visual Studio Solution File, Format Version 12.00
# Visual Studio Version 17
VisualStudioVersion = 17.6.33815.320
MinimumVisualStudioVersion = 10.0.40219.1
Project("{9A19103F-16F7-4668-BE54-9A1E7A4F7556}") = "Day01Trebuchet", "Day01Trebuchet\Day01Trebuchet.csproj", "{779C9414-F015-461C-803B-9386B73E503E}"
EndProject
Project("{9A19103F-16F7-4668-BE54-9A1E7A4F7556}") = "Day02CubeConundrum", "Day02CubeConundrum\Day02CubeConundrum.csproj", "{34518D56-2B8A-433A-8049-5EAC7CC95643}"
EndProject
Project("{9A19103F-16F7-4668-BE54-9A1E7A4F7556}") = "Day03GearRatios", "Day03GearRatios\Day03GearRatios.csproj", "{4F03DC47-FF0A-4CB7-AE22-B627050CD443}"
EndProject
Project("{9A19103F-16F7-4668-BE54-9A1E7A4F7556}") = "Day04Scratchcards", "Day04Scratchcards\Day04Scratchcards.csproj", "{CEDB9EB6-AFC6-4B30-A404-B156AA6B3B4E}"
EndProject
Project("{9A19103F-16F7-4668-BE54-9A1E7A4F7556}") = "Day05IfYouGiveASeedAFertilizer", "Day05IfYouGiveASeedAFertilizer\Day05IfYouGiveASeedAFertilizer.csproj", "{A7C60A38-424C-41F2-AA60-CAE0AEFC003C}"
EndProject
Project("{9A19103F-16F7-4668-BE54-9A1E7A4F7556}") = "Day06WaitForIt", "Day06WaitForIt\Day06WaitForIt.csproj", "{2C064744-6A35-4108-8854-B3F61B6B7AD6}"
EndProject
Project("{9A19103F-16F7-4668-BE54-9A1E7A4F7556}") = "Day07CamelCards", "Day07CamelCards\Day07CamelCards.csproj", "{CE56E38A-2625-4713-99D7-7F42601E50A6}"
EndProject
Project("{9A19103F-16F7-4668-BE54-9A1E7A4F7556}") = "Day08HauntedWasteland", "Day08HauntedWasteland\Day08HauntedWasteland.csproj", "{E1846DE4-3E26-4A5B-9B62-34486A82688B}"
EndProject
Project("{9A19103F-16F7-4668-BE54-9A1E7A4F7556}") = "Day09MirageMaintenance", "Day09MirageMaintenance\Day09MirageMaintenance.csproj", "{8E458C96-5A95-4985-A7D9-8CD61B034A08}"
EndProject
Project("{9A19103F-16F7-4668-BE54-9A1E7A4F7556}") = "Day10PipeMaze", "Day10PipeMaze\Day10PipeMaze.csproj", "{52FEE640-1106-4000-BAC6-34CC69D144C5}"
EndProject
Project("{9A19103F-16F7-4668-BE54-9A1E7A4F7556}") = "Day11CosmicExpansion", "Day11CosmicExpansion\Day11CosmicExpansion.csproj", "{A26D9035-8F63-4442-ABF1-426C402E0B69}"
EndProject
Project("{9A19103F-16F7-4668-BE54-9A1E7A4F7556}") = "Day12HotSprings", "Day12HotSprings\Day12HotSprings.csproj", "{767F848E-367D-424A-8277-4947593FD6DB}"
EndProject
Project("{FAE04EC0-301F-11D3-BF4B-00C04F79EFBC}") = "Day13PointOfIncidence", "Day13PointOfIncidence\Day13PointOfIncidence.csproj", "{D97DEF0B-CCC6-44C5-8BB5-8A8FD8C94BCC}"
EndProject
Project("{FAE04EC0-301F-11D3-BF4B-00C04F79EFBC}") = "Day14ParabolicReflectorDish", "Day14ParabolicReflectorDish\Day14ParabolicReflectorDish.csproj", "{241F64D5-3D4D-44FB-875B-32EE7A54EC52}"
EndProject
Project("{FAE04EC0-301F-11D3-BF4B-00C04F79EFBC}") = "Day15LensLibrary", "Day15LensLibrary\Day15LensLibrary.csproj", "{63748A87-59D7-4263-B410-7E08B5C6842D}"
EndProject
Project("{FAE04EC0-301F-11D3-BF4B-00C04F79EFBC}") = "Day16TheFloorWillBeLava", "Day16TheFloorWillBeLava\Day16TheFloorWillBeLava.csproj", "{B46909A5-3571-4DF6-BED4-55FB682263EA}"
EndProject
Global
	GlobalSection(SolutionConfigurationPlatforms) = preSolution
		Debug|Any CPU = Debug|Any CPU
		Release|Any CPU = Release|Any CPU
	EndGlobalSection
	GlobalSection(ProjectConfigurationPlatforms) = postSolution
		{779C9414-F015-461C-803B-9386B73E503E}.Debug|Any CPU.ActiveCfg = Debug|Any CPU
		{779C9414-F015-461C-803B-9386B73E503E}.Debug|Any CPU.Build.0 = Debug|Any CPU
		{779C9414-F015-461C-803B-9386B73E503E}.Release|Any CPU.ActiveCfg = Release|Any CPU
		{779C9414-F015-461C-803B-9386B73E503E}.Release|Any CPU.Build.0 = Release|Any CPU
		{34518D56-2B8A-433A-8049-5EAC7CC95643}.Debug|Any CPU.ActiveCfg = Debug|Any CPU
		{34518D56-2B8A-433A-8049-5EAC7CC95643}.Debug|Any CPU.Build.0 = Debug|Any CPU
		{34518D56-2B8A-433A-8049-5EAC7CC95643}.Release|Any CPU.ActiveCfg = Release|Any CPU
		{34518D56-2B8A-433A-8049-5EAC7CC95643}.Release|Any CPU.Build.0 = Release|Any CPU
		{4F03DC47-FF0A-4CB7-AE22-B627050CD443}.Debug|Any CPU.ActiveCfg = Debug|Any CPU
		{4F03DC47-FF0A-4CB7-AE22-B627050CD443}.Debug|Any CPU.Build.0 = Debug|Any CPU
		{4F03DC47-FF0A-4CB7-AE22-B627050CD443}.Release|Any CPU.ActiveCfg = Release|Any CPU
		{4F03DC47-FF0A-4CB7-AE22-B627050CD443}.Release|Any CPU.Build.0 = Release|Any CPU
		{CEDB9EB6-AFC6-4B30-A404-B156AA6B3B4E}.Debug|Any CPU.ActiveCfg = Debug|Any CPU
		{CEDB9EB6-AFC6-4B30-A404-B156AA6B3B4E}.Debug|Any CPU.Build.0 = Debug|Any CPU
		{CEDB9EB6-AFC6-4B30-A404-B156AA6B3B4E}.Release|Any CPU.ActiveCfg = Release|Any CPU
		{CEDB9EB6-AFC6-4B30-A404-B156AA6B3B4E}.Release|Any CPU.Build.0 = Release|Any CPU
		{A7C60A38-424C-41F2-AA60-CAE0AEFC003C}.Debug|Any CPU.ActiveCfg = Debug|Any CPU
		{A7C60A38-424C-41F2-AA60-CAE0AEFC003C}.Debug|Any CPU.Build.0 = Debug|Any CPU
		{A7C60A38-424C-41F2-AA60-CAE0AEFC003C}.Release|Any CPU.ActiveCfg = Release|Any CPU
		{A7C60A38-424C-41F2-AA60-CAE0AEFC003C}.Release|Any CPU.Build.0 = Release|Any CPU
		{2C064744-6A35-4108-8854-B3F61B6B7AD6}.Debug|Any CPU.ActiveCfg = Debug|Any CPU
		{2C064744-6A35-4108-8854-B3F61B6B7AD6}.Debug|Any CPU.Build.0 = Debug|Any CPU
		{2C064744-6A35-4108-8854-B3F61B6B7AD6}.Release|Any CPU.ActiveCfg = Release|Any CPU
		{2C064744-6A35-4108-8854-B3F61B6B7AD6}.Release|Any CPU.Build.0 = Release|Any CPU
		{CE56E38A-2625-4713-99D7-7F42601E50A6}.Debug|Any CPU.ActiveCfg = Debug|Any CPU
		{CE56E38A-2625-4713-99D7-7F42601E50A6}.Debug|Any CPU.Build.0 = Debug|Any CPU
		{CE56E38A-2625-4713-99D7-7F42601E50A6}.Release|Any CPU.ActiveCfg = Release|Any CPU
		{CE56E38A-2625-4713-99D7-7F42601E50A6}.Release|Any CPU.Build.0 = Release|Any CPU
		{E1846DE4-3E26-4A5B-9B62-34486A82688B}.Debug|Any CPU.ActiveCfg = Debug|Any CPU
		{E1846DE4-3E26-4A5B-9B62-34486A82688B}.Debug|Any CPU.Build.0 = Debug|Any CPU
		{E1846DE4-3E26-4A5B-9B62-34486A82688B}.Release|Any CPU.ActiveCfg = Release|Any CPU
		{E1846DE4-3E26-4A5B-9B62-34486A82688B}.Release|Any CPU.Build.0 = Release|Any CPU
		{8E458C96-5A95-4985-A7D9-8CD61B034A08}.Debug|Any CPU.ActiveCfg = Debug|Any CPU
		{8E458C96-5A95-4985-A7D9-8CD61B034A08}.Debug|Any CPU.Build.0 = Debug|Any CPU
		{8E458C96-5A95-4985-A7D9-8CD61B034A08}.Release|Any CPU.ActiveCfg = Release|Any CPU
		{8E458C96-5A95-4985-A7D9-8CD61B034A08}.Release|Any CPU.Build.0 = Release|Any CPU
		{52FEE640-1106-4000-BAC6-34CC69D144C5}.Debug|Any CPU.ActiveCfg = Debug|Any CPU
		{52FEE640-1106-4000-BAC6-34CC69D144C5}.Debug|Any CPU.Build.0 = Debug|Any CPU
		{52FEE640-1106-4000-BAC6-34CC69D144C5}.Release|Any CPU.ActiveCfg = Release|Any CPU
		{52FEE640-1106-4000-BAC6-34CC69D144C5}.Release|Any CPU.Build.0 = Release|Any CPU
		{A26D9035-8F63-4442-ABF1-426C402E0B69}.Debug|Any CPU.ActiveCfg = Debug|Any CPU
		{A26D9035-8F63-4442-ABF1-426C402E0B69}.Debug|Any CPU.Build.0 = Debug|Any CPU
		{A26D9035-8F63-4442-ABF1-426C402E0B69}.Release|Any CPU.ActiveCfg = Release|Any CPU
		{A26D9035-8F63-4442-ABF1-426C402E0B69}.Release|Any CPU.Build.0 = Release|Any CPU
		{767F848E-367D-424A-8277-4947593FD6DB}.Debug|Any CPU.ActiveCfg = Debug|Any CPU
		{767F848E-367D-424A-8277-4947593FD6DB}.Debug|Any CPU.Build.0 = Debug|Any CPU
		{767F848E-367D-424A-8277-4947593FD6DB}.Release|Any CPU.ActiveCfg = Release|Any CPU
		{767F848E-367D-424A-8277-4947593FD6DB}.Release|Any CPU.Build.0 = Release|Any CPU
		{D97DEF0B-CCC6-44C5-8BB5-8A8FD8C94BCC}.Debug|Any CPU.ActiveCfg = Debug|Any CPU
		{D97DEF0B-CCC6-44C5-8BB5-8A8FD8C94BCC}.Debug|Any CPU.Build.0 = Debug|Any CPU
		{D97DEF0B-CCC6-44C5-8BB5-8A8FD8C94BCC}.Release|Any CPU.ActiveCfg = Release|Any CPU
		{D97DEF0B-CCC6-44C5-8BB5-8A8FD8C94BCC}.Release|Any CPU.Build.0 = Release|Any CPU
		{241F64D5-3D4D-44FB-875B-32EE7A54EC52}.Debug|Any CPU.ActiveCfg = Debug|Any CPU
		{241F64D5-3D4D-44FB-875B-32EE7A54EC52}.Debug|Any CPU.Build.0 = Debug|Any CPU
		{241F64D5-3D4D-44FB-875B-32EE7A54EC52}.Release|Any CPU.ActiveCfg = Release|Any CPU
		{241F64D5-3D4D-44FB-875B-32EE7A54EC52}.Release|Any CPU.Build.0 = Release|Any CPU
		{63748A87-59D7-4263-B410-7E08B5C6842D}.Debug|Any CPU.ActiveCfg = Debug|Any CPU
		{63748A87-59D7-4263-B410-7E08B5C6842D}.Debug|Any CPU.Build.0 = Debug|Any CPU
		{63748A87-59D7-4263-B410-7E08B5C6842D}.Release|Any CPU.ActiveCfg = Release|Any CPU
		{63748A87-59D7-4263-B410-7E08B5C6842D}.Release|Any CPU.Build.0 = Release|Any CPU
		{B46909A5-3571-4DF6-BED4-55FB682263EA}.Debug|Any CPU.ActiveCfg = Debug|Any CPU
		{B46909A5-3571-4DF6-BED4-55FB682263EA}.Debug|Any CPU.Build.0 = Debug|Any CPU
		{B46909A5-3571-4DF6-BED4-55FB682263EA}.Release|Any CPU.ActiveCfg = Release|Any CPU
		{B46909A5-3571-4DF6-BED4-55FB682263EA}.Release|Any CPU.Build.0 = Release|Any CPU
	EndGlobalSection
	GlobalSection(SolutionProperties) = preSolution
		HideSolutionNode = FALSE
	EndGlobalSection
	GlobalSection(ExtensibilityGlobals) = postSolution
		SolutionGuid = {69970285-945D-40DF-84A1-EFD4CA0EF059}
	EndGlobalSection
EndGlobal
