
Microsoft Visual Studio Solution File, Format Version 12.00
# Visual Studio Version 17
VisualStudioVersion = 17.6.33815.320
MinimumVisualStudioVersion = 10.0.40219.1
Project("{FAE04EC0-301F-11D3-BF4B-00C04F79EFBC}") = "Day01Trebuchet", "Day01Trebuchet.csproj", "{72B4499F-B217-4E2E-9B20-4ACFCFA28E76}"
EndProject
Global
	GlobalSection(SolutionConfigurationPlatforms) = preSolution
		Debug|Any CPU = Debug|Any CPU
		Release|Any CPU = Release|Any CPU
	EndGlobalSection
	GlobalSection(ProjectConfigurationPlatforms) = postSolution
		{72B4499F-B217-4E2E-9B20-4ACFCFA28E76}.Debug|Any CPU.ActiveCfg = Debug|Any CPU
		{72B4499F-B217-4E2E-9B20-4ACFCFA28E76}.Debug|Any CPU.Build.0 = Debug|Any CPU
		{72B4499F-B217-4E2E-9B20-4ACFCFA28E76}.Release|Any CPU.ActiveCfg = Release|Any CPU
		{72B4499F-B217-4E2E-9B20-4ACFCFA28E76}.Release|Any CPU.Build.0 = Release|Any CPU
	EndGlobalSection
	GlobalSection(SolutionProperties) = preSolution
		HideSolutionNode = FALSE
	EndGlobalSection
	GlobalSection(ExtensibilityGlobals) = postSolution
		SolutionGuid = {3BE93D30-ADE9-4AB3-9BBC-BBA74529C5E3}
	EndGlobalSection
EndGlobal
